
Microsoft Visual Studio Solution File, Format Version 12.00
# Visual Studio Version 17
VisualStudioVersion = 17.6.33829.357
MinimumVisualStudioVersion = 10.0.40219.1
Project("{FAE04EC0-301F-11D3-BF4B-00C04F79EFBC}") = "Input", "Input.csproj", "{A6122FC3-839B-4355-944E-F926E1EB7719}"
EndProject
Global
	GlobalSection(SolutionConfigurationPlatforms) = preSolution
		Debug|Any CPU = Debug|Any CPU
		Release|Any CPU = Release|Any CPU
	EndGlobalSection
	GlobalSection(ProjectConfigurationPlatforms) = postSolution
		{A6122FC3-839B-4355-944E-F926E1EB7719}.Debug|Any CPU.ActiveCfg = Debug|Any CPU
		{A6122FC3-839B-4355-944E-F926E1EB7719}.Debug|Any CPU.Build.0 = Debug|Any CPU
		{A6122FC3-839B-4355-944E-F926E1EB7719}.Release|Any CPU.ActiveCfg = Release|Any CPU
		{A6122FC3-839B-4355-944E-F926E1EB7719}.Release|Any CPU.Build.0 = Release|Any CPU
	EndGlobalSection
	GlobalSection(SolutionProperties) = preSolution
		HideSolutionNode = FALSE
	EndGlobalSection
	GlobalSection(ExtensibilityGlobals) = postSolution
		SolutionGuid = {6D77FA72-EB8E-4194-B4A1-3BBEC42FD7F6}
	EndGlobalSection
EndGlobal
