
Microsoft Visual Studio Solution File, Format Version 12.00
Project("{FAE04EC0-301F-11D3-BF4B-00C04F79EFBC}") = "StdDevZScore", "StdDevZScore.csproj", "{73DE8C83-6447-4528-88AE-561C03A265FE}"
EndProject
Global
	GlobalSection(SolutionConfigurationPlatforms) = preSolution
		Debug|Any CPU = Debug|Any CPU
		Release|Any CPU = Release|Any CPU
	EndGlobalSection
	GlobalSection(ProjectConfigurationPlatforms) = postSolution
		{73DE8C83-6447-4528-88AE-561C03A265FE}.Debug|Any CPU.ActiveCfg = Debug|Any CPU
		{73DE8C83-6447-4528-88AE-561C03A265FE}.Debug|Any CPU.Build.0 = Debug|Any CPU
		{73DE8C83-6447-4528-88AE-561C03A265FE}.Release|Any CPU.ActiveCfg = Release|Any CPU
		{73DE8C83-6447-4528-88AE-561C03A265FE}.Release|Any CPU.Build.0 = Release|Any CPU
	EndGlobalSection
EndGlobal
