
Microsoft Visual Studio Solution File, Format Version 12.00
# Visual Studio Version 17
VisualStudioVersion = 17.6.33829.357
MinimumVisualStudioVersion = 10.0.40219.1
Project("{FAE04EC0-301F-11D3-BF4B-00C04F79EFBC}") = "SuperBasicCalcRedux", "SuperBasicCalcRedux.csproj", "{C945666C-C78C-4302-A35F-C216BCC9F109}"
EndProject
Global
	GlobalSection(SolutionConfigurationPlatforms) = preSolution
		Debug|Any CPU = Debug|Any CPU
		Release|Any CPU = Release|Any CPU
	EndGlobalSection
	GlobalSection(ProjectConfigurationPlatforms) = postSolution
		{C945666C-C78C-4302-A35F-C216BCC9F109}.Debug|Any CPU.ActiveCfg = Debug|Any CPU
		{C945666C-C78C-4302-A35F-C216BCC9F109}.Debug|Any CPU.Build.0 = Debug|Any CPU
		{C945666C-C78C-4302-A35F-C216BCC9F109}.Release|Any CPU.ActiveCfg = Release|Any CPU
		{C945666C-C78C-4302-A35F-C216BCC9F109}.Release|Any CPU.Build.0 = Release|Any CPU
	EndGlobalSection
	GlobalSection(SolutionProperties) = preSolution
		HideSolutionNode = FALSE
	EndGlobalSection
	GlobalSection(ExtensibilityGlobals) = postSolution
		SolutionGuid = {F75F0C37-4D7B-4961-BA36-ED2B2107A709}
	EndGlobalSection
EndGlobal
